
Microsoft Visual Studio Solution File, Format Version 12.00
# Visual Studio Version 17
VisualStudioVersion = 17.10.34902.84
MinimumVisualStudioVersion = 10.0.40219.1
Project("{FAE04EC0-301F-11D3-BF4B-00C04F79EFBC}") = "WinFormsApp1", "WinFormsApp1\WinFormsApp1.csproj", "{F9B76A08-818B-4455-873B-D13EEE998CAB}"
EndProject
Global
	GlobalSection(SolutionConfigurationPlatforms) = preSolution
		Debug|Any CPU = Debug|Any CPU
		Release|Any CPU = Release|Any CPU
	EndGlobalSection
	GlobalSection(ProjectConfigurationPlatforms) = postSolution
		{F9B76A08-818B-4455-873B-D13EEE998CAB}.Debug|Any CPU.ActiveCfg = Debug|Any CPU
		{F9B76A08-818B-4455-873B-D13EEE998CAB}.Debug|Any CPU.Build.0 = Debug|Any CPU
		{F9B76A08-818B-4455-873B-D13EEE998CAB}.Release|Any CPU.ActiveCfg = Release|Any CPU
		{F9B76A08-818B-4455-873B-D13EEE998CAB}.Release|Any CPU.Build.0 = Release|Any CPU
	EndGlobalSection
	GlobalSection(SolutionProperties) = preSolution
		HideSolutionNode = FALSE
	EndGlobalSection
	GlobalSection(ExtensibilityGlobals) = postSolution
		SolutionGuid = {D092CC54-756D-480F-8D8F-E12E5F0B5294}
	EndGlobalSection
EndGlobal
